
Microsoft Visual Studio Solution File, Format Version 12.00
# Visual Studio Version 16
VisualStudioVersion = 16.0.31019.35
MinimumVisualStudioVersion = 10.0.40219.1
Project("{FAE04EC0-301F-11D3-BF4B-00C04F79EFBC}") = "Pertemuan pertama", "Pertemuan pertama\Pertemuan pertama.csproj", "{0B4F1CE9-AC2F-4ADE-8161-E151E884D17C}"
EndProject
Project("{FAE04EC0-301F-11D3-BF4B-00C04F79EFBC}") = "menggunakan method yang berbeda", "menggunakan method yang berbeda\menggunakan method yang berbeda.csproj", "{EF296DA6-39C4-4655-A566-0696502E0B87}"
EndProject
Global
	GlobalSection(SolutionConfigurationPlatforms) = preSolution
		Debug|Any CPU = Debug|Any CPU
		Release|Any CPU = Release|Any CPU
	EndGlobalSection
	GlobalSection(ProjectConfigurationPlatforms) = postSolution
		{0B4F1CE9-AC2F-4ADE-8161-E151E884D17C}.Debug|Any CPU.ActiveCfg = Debug|Any CPU
		{0B4F1CE9-AC2F-4ADE-8161-E151E884D17C}.Debug|Any CPU.Build.0 = Debug|Any CPU
		{0B4F1CE9-AC2F-4ADE-8161-E151E884D17C}.Release|Any CPU.ActiveCfg = Release|Any CPU
		{0B4F1CE9-AC2F-4ADE-8161-E151E884D17C}.Release|Any CPU.Build.0 = Release|Any CPU
		{EF296DA6-39C4-4655-A566-0696502E0B87}.Debug|Any CPU.ActiveCfg = Debug|Any CPU
		{EF296DA6-39C4-4655-A566-0696502E0B87}.Debug|Any CPU.Build.0 = Debug|Any CPU
		{EF296DA6-39C4-4655-A566-0696502E0B87}.Release|Any CPU.ActiveCfg = Release|Any CPU
		{EF296DA6-39C4-4655-A566-0696502E0B87}.Release|Any CPU.Build.0 = Release|Any CPU
	EndGlobalSection
	GlobalSection(SolutionProperties) = preSolution
		HideSolutionNode = FALSE
	EndGlobalSection
	GlobalSection(ExtensibilityGlobals) = postSolution
		SolutionGuid = {7E57DC19-289D-4257-985A-78A9AA9167EA}
	EndGlobalSection
EndGlobal
